// !$*UTF8*$!
{
	archiveVersion = 1;
	classes = {
	};
	objectVersion = 56;
	objects = {

/* Begin PBXBuildFile section */
		7867F05F2A784CEA00C926EB /* AppDelegate.swift in Sources */ = {isa = PBXBuildFile; fileRef = 7867F05E2A784CEA00C926EB /* AppDelegate.swift */; };
		7867F0612A784CEA00C926EB /* SceneDelegate.swift in Sources */ = {isa = PBXBuildFile; fileRef = 7867F0602A784CEA00C926EB /* SceneDelegate.swift */; };
		7867F0632A784CEA00C926EB /* LoginViewController.swift in Sources */ = {isa = PBXBuildFile; fileRef = 7867F0622A784CEA00C926EB /* LoginViewController.swift */; };
		7867F0662A784CEA00C926EB /* Main.storyboard in Resources */ = {isa = PBXBuildFile; fileRef = 7867F0642A784CEA00C926EB /* Main.storyboard */; };
		7867F0682A784CEC00C926EB /* Assets.xcassets in Resources */ = {isa = PBXBuildFile; fileRef = 7867F0672A784CEC00C926EB /* Assets.xcassets */; };
		7867F06B2A784CEC00C926EB /* LaunchScreen.storyboard in Resources */ = {isa = PBXBuildFile; fileRef = 7867F0692A784CEC00C926EB /* LaunchScreen.storyboard */; };
		78EE1BA42A7855AF003B8F40 /* FirebaseAuth in Frameworks */ = {isa = PBXBuildFile; productRef = 78EE1BA32A7855AF003B8F40 /* FirebaseAuth */; };
		78EE1BA62A7855AF003B8F40 /* FirebaseAuthCombine-Community in Frameworks */ = {isa = PBXBuildFile; productRef = 78EE1BA52A7855AF003B8F40 /* FirebaseAuthCombine-Community */; };
		78EE1BA82A7855AF003B8F40 /* FirebaseDatabase in Frameworks */ = {isa = PBXBuildFile; productRef = 78EE1BA72A7855AF003B8F40 /* FirebaseDatabase */; };
		78EE1BAA2A7855AF003B8F40 /* FirebaseDatabaseSwift in Frameworks */ = {isa = PBXBuildFile; productRef = 78EE1BA92A7855AF003B8F40 /* FirebaseDatabaseSwift */; };
		78EE1BAC2A7855AF003B8F40 /* FirebaseStorage in Frameworks */ = {isa = PBXBuildFile; productRef = 78EE1BAB2A7855AF003B8F40 /* FirebaseStorage */; };
		78EE1BAE2A7856F3003B8F40 /* GoogleService-Info.plist in Resources */ = {isa = PBXBuildFile; fileRef = 78EE1BAD2A7856F3003B8F40 /* GoogleService-Info.plist */; };
		78EE1BB02A7859AD003B8F40 /* TasksViewController.swift in Sources */ = {isa = PBXBuildFile; fileRef = 78EE1BAF2A7859AD003B8F40 /* TasksViewController.swift */; };
/* End PBXBuildFile section */

/* Begin PBXFileReference section */
		7867F05B2A784CEA00C926EB /* firebase_Tasklist.app */ = {isa = PBXFileReference; explicitFileType = wrapper.application; includeInIndex = 0; path = firebase_Tasklist.app; sourceTree = BUILT_PRODUCTS_DIR; };
		7867F05E2A784CEA00C926EB /* AppDelegate.swift */ = {isa = PBXFileReference; lastKnownFileType = sourcecode.swift; path = AppDelegate.swift; sourceTree = "<group>"; };
		7867F0602A784CEA00C926EB /* SceneDelegate.swift */ = {isa = PBXFileReference; lastKnownFileType = sourcecode.swift; path = SceneDelegate.swift; sourceTree = "<group>"; };
		7867F0622A784CEA00C926EB /* LoginViewController.swift */ = {isa = PBXFileReference; lastKnownFileType = sourcecode.swift; path = LoginViewController.swift; sourceTree = "<group>"; };
		7867F0652A784CEA00C926EB /* Base */ = {isa = PBXFileReference; lastKnownFileType = file.storyboard; name = Base; path = Base.lproj/Main.storyboard; sourceTree = "<group>"; };
		7867F0672A784CEC00C926EB /* Assets.xcassets */ = {isa = PBXFileReference; lastKnownFileType = folder.assetcatalog; path = Assets.xcassets; sourceTree = "<group>"; };
		7867F06A2A784CEC00C926EB /* Base */ = {isa = PBXFileReference; lastKnownFileType = file.storyboard; name = Base; path = Base.lproj/LaunchScreen.storyboard; sourceTree = "<group>"; };
		7867F06C2A784CEC00C926EB /* Info.plist */ = {isa = PBXFileReference; lastKnownFileType = text.plist.xml; path = Info.plist; sourceTree = "<group>"; };
		78EE1BAD2A7856F3003B8F40 /* GoogleService-Info.plist */ = {isa = PBXFileReference; fileEncoding = 4; lastKnownFileType = text.plist.xml; path = "GoogleService-Info.plist"; sourceTree = "<group>"; };
		78EE1BAF2A7859AD003B8F40 /* TasksViewController.swift */ = {isa = PBXFileReference; lastKnownFileType = sourcecode.swift; path = TasksViewController.swift; sourceTree = "<group>"; };
/* End PBXFileReference section */

/* Begin PBXFrameworksBuildPhase section */
		7867F0582A784CEA00C926EB /* Frameworks */ = {
			isa = PBXFrameworksBuildPhase;
			buildActionMask = 2147483647;
			files = (
				78EE1BAA2A7855AF003B8F40 /* FirebaseDatabaseSwift in Frameworks */,
				78EE1BA82A7855AF003B8F40 /* FirebaseDatabase in Frameworks */,
				78EE1BA42A7855AF003B8F40 /* FirebaseAuth in Frameworks */,
				78EE1BAC2A7855AF003B8F40 /* FirebaseStorage in Frameworks */,
				78EE1BA62A7855AF003B8F40 /* FirebaseAuthCombine-Community in Frameworks */,
			);
			runOnlyForDeploymentPostprocessing = 0;
		};
/* End PBXFrameworksBuildPhase section */

/* Begin PBXGroup section */
		7867F0522A784CEA00C926EB = {
			isa = PBXGroup;
			children = (
				7867F05D2A784CEA00C926EB /* firebase_Tasklist */,
				7867F05C2A784CEA00C926EB /* Products */,
			);
			sourceTree = "<group>";
		};
		7867F05C2A784CEA00C926EB /* Products */ = {
			isa = PBXGroup;
			children = (
				7867F05B2A784CEA00C926EB /* firebase_Tasklist.app */,
			);
			name = Products;
			sourceTree = "<group>";
		};
		7867F05D2A784CEA00C926EB /* firebase_Tasklist */ = {
			isa = PBXGroup;
			children = (
				7867F05E2A784CEA00C926EB /* AppDelegate.swift */,
				7867F0602A784CEA00C926EB /* SceneDelegate.swift */,
				7867F0622A784CEA00C926EB /* LoginViewController.swift */,
				7867F0642A784CEA00C926EB /* Main.storyboard */,
				78EE1BAF2A7859AD003B8F40 /* TasksViewController.swift */,
				7867F0672A784CEC00C926EB /* Assets.xcassets */,
				7867F0692A784CEC00C926EB /* LaunchScreen.storyboard */,
				78EE1BAD2A7856F3003B8F40 /* GoogleService-Info.plist */,
				7867F06C2A784CEC00C926EB /* Info.plist */,
			);
			path = firebase_Tasklist;
			sourceTree = "<group>";
		};
/* End PBXGroup section */

/* Begin PBXNativeTarget section */
		7867F05A2A784CEA00C926EB /* firebase_Tasklist */ = {
			isa = PBXNativeTarget;
			buildConfigurationList = 7867F06F2A784CEC00C926EB /* Build configuration list for PBXNativeTarget "firebase_Tasklist" */;
			buildPhases = (
				7867F0572A784CEA00C926EB /* Sources */,
				7867F0582A784CEA00C926EB /* Frameworks */,
				7867F0592A784CEA00C926EB /* Resources */,
			);
			buildRules = (
			);
			dependencies = (
			);
			name = firebase_Tasklist;
			packageProductDependencies = (
				78EE1BA32A7855AF003B8F40 /* FirebaseAuth */,
				78EE1BA52A7855AF003B8F40 /* FirebaseAuthCombine-Community */,
				78EE1BA72A7855AF003B8F40 /* FirebaseDatabase */,
				78EE1BA92A7855AF003B8F40 /* FirebaseDatabaseSwift */,
				78EE1BAB2A7855AF003B8F40 /* FirebaseStorage */,
			);
			productName = firebase_Tasklist;
			productReference = 7867F05B2A784CEA00C926EB /* firebase_Tasklist.app */;
			productType = "com.apple.product-type.application";
		};
/* End PBXNativeTarget section */

/* Begin PBXProject section */
		7867F0532A784CEA00C926EB /* Project object */ = {
			isa = PBXProject;
			attributes = {
				BuildIndependentTargetsInParallel = 1;
				LastSwiftUpdateCheck = 1420;
				LastUpgradeCheck = 1420;
				TargetAttributes = {
					7867F05A2A784CEA00C926EB = {
						CreatedOnToolsVersion = 14.2;
					};
				};
			};
			buildConfigurationList = 7867F0562A784CEA00C926EB /* Build configuration list for PBXProject "firebase_Tasklist" */;
			compatibilityVersion = "Xcode 14.0";
			developmentRegion = en;
			hasScannedForEncodings = 0;
			knownRegions = (
				en,
				Base,
			);
			mainGroup = 7867F0522A784CEA00C926EB;
			packageReferences = (
				78EE1BA22A7855AF003B8F40 /* XCRemoteSwiftPackageReference "firebase-ios-sdk" */,
			);
			productRefGroup = 7867F05C2A784CEA00C926EB /* Products */;
			projectDirPath = "";
			projectRoot = "";
			targets = (
				7867F05A2A784CEA00C926EB /* firebase_Tasklist */,
			);
		};
/* End PBXProject section */

/* Begin PBXResourcesBuildPhase section */
		7867F0592A784CEA00C926EB /* Resources */ = {
			isa = PBXResourcesBuildPhase;
			buildActionMask = 2147483647;
			files = (
				7867F06B2A784CEC00C926EB /* LaunchScreen.storyboard in Resources */,
				7867F0682A784CEC00C926EB /* Assets.xcassets in Resources */,
				78EE1BAE2A7856F3003B8F40 /* GoogleService-Info.plist in Resources */,
				7867F0662A784CEA00C926EB /* Main.storyboard in Resources */,
			);
			runOnlyForDeploymentPostprocessing = 0;
		};
/* End PBXResourcesBuildPhase section */

/* Begin PBXSourcesBuildPhase section */
		7867F0572A784CEA00C926EB /* Sources */ = {
			isa = PBXSourcesBuildPhase;
			buildActionMask = 2147483647;
			files = (
				7867F0632A784CEA00C926EB /* LoginViewController.swift in Sources */,
				78EE1BB02A7859AD003B8F40 /* TasksViewController.swift in Sources */,
				7867F05F2A784CEA00C926EB /* AppDelegate.swift in Sources */,
				7867F0612A784CEA00C926EB /* SceneDelegate.swift in Sources */,
			);
			runOnlyForDeploymentPostprocessing = 0;
		};
/* End PBXSourcesBuildPhase section */

/* Begin PBXVariantGroup section */
		7867F0642A784CEA00C926EB /* Main.storyboard */ = {
			isa = PBXVariantGroup;
			children = (
				7867F0652A784CEA00C926EB /* Base */,
			);
			name = Main.storyboard;
			sourceTree = "<group>";
		};
		7867F0692A784CEC00C926EB /* LaunchScreen.storyboard */ = {
			isa = PBXVariantGroup;
			children = (
				7867F06A2A784CEC00C926EB /* Base */,
			);
			name = LaunchScreen.storyboard;
			sourceTree = "<group>";
		};
/* End PBXVariantGroup section */

/* Begin XCBuildConfiguration section */
		7867F06D2A784CEC00C926EB /* Debug */ = {
			isa = XCBuildConfiguration;
			buildSettings = {
				ALWAYS_SEARCH_USER_PATHS = NO;
				CLANG_ANALYZER_NONNULL = YES;
				CLANG_ANALYZER_NUMBER_OBJECT_CONVERSION = YES_AGGRESSIVE;
				CLANG_CXX_LANGUAGE_STANDARD = "gnu++20";
				CLANG_ENABLE_MODULES = YES;
				CLANG_ENABLE_OBJC_ARC = YES;
				CLANG_ENABLE_OBJC_WEAK = YES;
				CLANG_WARN_BLOCK_CAPTURE_AUTORELEASING = YES;
				CLANG_WARN_BOOL_CONVERSION = YES;
				CLANG_WARN_COMMA = YES;
				CLANG_WARN_CONSTANT_CONVERSION = YES;
				CLANG_WARN_DEPRECATED_OBJC_IMPLEMENTATIONS = YES;
				CLANG_WARN_DIRECT_OBJC_ISA_USAGE = YES_ERROR;
				CLANG_WARN_DOCUMENTATION_COMMENTS = YES;
				CLANG_WARN_EMPTY_BODY = YES;
				CLANG_WARN_ENUM_CONVERSION = YES;
				CLANG_WARN_INFINITE_RECURSION = YES;
				CLANG_WARN_INT_CONVERSION = YES;
				CLANG_WARN_NON_LITERAL_NULL_CONVERSION = YES;
				CLANG_WARN_OBJC_IMPLICIT_RETAIN_SELF = YES;
				CLANG_WARN_OBJC_LITERAL_CONVERSION = YES;
				CLANG_WARN_OBJC_ROOT_CLASS = YES_ERROR;
				CLANG_WARN_QUOTED_INCLUDE_IN_FRAMEWORK_HEADER = YES;
				CLANG_WARN_RANGE_LOOP_ANALYSIS = YES;
				CLANG_WARN_STRICT_PROTOTYPES = YES;
				CLANG_WARN_SUSPICIOUS_MOVE = YES;
				CLANG_WARN_UNGUARDED_AVAILABILITY = YES_AGGRESSIVE;
				CLANG_WARN_UNREACHABLE_CODE = YES;
				CLANG_WARN__DUPLICATE_METHOD_MATCH = YES;
				COPY_PHASE_STRIP = NO;
				DEBUG_INFORMATION_FORMAT = dwarf;
				ENABLE_STRICT_OBJC_MSGSEND = YES;
				ENABLE_TESTABILITY = YES;
				GCC_C_LANGUAGE_STANDARD = gnu11;
				GCC_DYNAMIC_NO_PIC = NO;
				GCC_NO_COMMON_BLOCKS = YES;
				GCC_OPTIMIZATION_LEVEL = 0;
				GCC_PREPROCESSOR_DEFINITIONS = (
					"DEBUG=1",
					"$(inherited)",
				);
				GCC_WARN_64_TO_32_BIT_CONVERSION = YES;
				GCC_WARN_ABOUT_RETURN_TYPE = YES_ERROR;
				GCC_WARN_UNDECLARED_SELECTOR = YES;
				GCC_WARN_UNINITIALIZED_AUTOS = YES_AGGRESSIVE;
				GCC_WARN_UNUSED_FUNCTION = YES;
				GCC_WARN_UNUSED_VARIABLE = YES;
				IPHONEOS_DEPLOYMENT_TARGET = 16.2;
				MTL_ENABLE_DEBUG_INFO = INCLUDE_SOURCE;
				MTL_FAST_MATH = YES;
				ONLY_ACTIVE_ARCH = YES;
				SDKROOT = iphoneos;
				SWIFT_ACTIVE_COMPILATION_CONDITIONS = DEBUG;
				SWIFT_OPTIMIZATION_LEVEL = "-Onone";
			};
			name = Debug;
		};
		7867F06E2A784CEC00C926EB /* Release */ = {
			isa = XCBuildConfiguration;
			buildSettings = {
				ALWAYS_SEARCH_USER_PATHS = NO;
				CLANG_ANALYZER_NONNULL = YES;
				CLANG_ANALYZER_NUMBER_OBJECT_CONVERSION = YES_AGGRESSIVE;
				CLANG_CXX_LANGUAGE_STANDARD = "gnu++20";
				CLANG_ENABLE_MODULES = YES;
				CLANG_ENABLE_OBJC_ARC = YES;
				CLANG_ENABLE_OBJC_WEAK = YES;
				CLANG_WARN_BLOCK_CAPTURE_AUTORELEASING = YES;
				CLANG_WARN_BOOL_CONVERSION = YES;
				CLANG_WARN_COMMA = YES;
				CLANG_WARN_CONSTANT_CONVERSION = YES;
				CLANG_WARN_DEPRECATED_OBJC_IMPLEMENTATIONS = YES;
				CLANG_WARN_DIRECT_OBJC_ISA_USAGE = YES_ERROR;
				CLANG_WARN_DOCUMENTATION_COMMENTS = YES;
				CLANG_WARN_EMPTY_BODY = YES;
				CLANG_WARN_ENUM_CONVERSION = YES;
				CLANG_WARN_INFINITE_RECURSION = YES;
				CLANG_WARN_INT_CONVERSION = YES;
				CLANG_WARN_NON_LITERAL_NULL_CONVERSION = YES;
				CLANG_WARN_OBJC_IMPLICIT_RETAIN_SELF = YES;
				CLANG_WARN_OBJC_LITERAL_CONVERSION = YES;
				CLANG_WARN_OBJC_ROOT_CLASS = YES_ERROR;
				CLANG_WARN_QUOTED_INCLUDE_IN_FRAMEWORK_HEADER = YES;
				CLANG_WARN_RANGE_LOOP_ANALYSIS = YES;
				CLANG_WARN_STRICT_PROTOTYPES = YES;
				CLANG_WARN_SUSPICIOUS_MOVE = YES;
				CLANG_WARN_UNGUARDED_AVAILABILITY = YES_AGGRESSIVE;
				CLANG_WARN_UNREACHABLE_CODE = YES;
				CLANG_WARN__DUPLICATE_METHOD_MATCH = YES;
				COPY_PHASE_STRIP = NO;
				DEBUG_INFORMATION_FORMAT = "dwarf-with-dsym";
				ENABLE_NS_ASSERTIONS = NO;
				ENABLE_STRICT_OBJC_MSGSEND = YES;
				GCC_C_LANGUAGE_STANDARD = gnu11;
				GCC_NO_COMMON_BLOCKS = YES;
				GCC_WARN_64_TO_32_BIT_CONVERSION = YES;
				GCC_WARN_ABOUT_RETURN_TYPE = YES_ERROR;
				GCC_WARN_UNDECLARED_SELECTOR = YES;
				GCC_WARN_UNINITIALIZED_AUTOS = YES_AGGRESSIVE;
				GCC_WARN_UNUSED_FUNCTION = YES;
				GCC_WARN_UNUSED_VARIABLE = YES;
				IPHONEOS_DEPLOYMENT_TARGET = 16.2;
				MTL_ENABLE_DEBUG_INFO = NO;
				MTL_FAST_MATH = YES;
				SDKROOT = iphoneos;
				SWIFT_COMPILATION_MODE = wholemodule;
				SWIFT_OPTIMIZATION_LEVEL = "-O";
				VALIDATE_PRODUCT = YES;
			};
			name = Release;
		};
		7867F0702A784CEC00C926EB /* Debug */ = {
			isa = XCBuildConfiguration;
			buildSettings = {
				ASSETCATALOG_COMPILER_APPICON_NAME = AppIcon;
				ASSETCATALOG_COMPILER_GLOBAL_ACCENT_COLOR_NAME = AccentColor;
				CODE_SIGN_STYLE = Automatic;
				CURRENT_PROJECT_VERSION = 1;
				DEVELOPMENT_TEAM = 25H4N2RW85;
				GENERATE_INFOPLIST_FILE = YES;
				INFOPLIST_FILE = firebase_Tasklist/Info.plist;
				INFOPLIST_KEY_UIApplicationSupportsIndirectInputEvents = YES;
				INFOPLIST_KEY_UILaunchStoryboardName = LaunchScreen;
				INFOPLIST_KEY_UIMainStoryboardFile = Main;
				INFOPLIST_KEY_UISupportedInterfaceOrientations_iPad = "UIInterfaceOrientationPortrait UIInterfaceOrientationPortraitUpsideDown UIInterfaceOrientationLandscapeLeft UIInterfaceOrientationLandscapeRight";
				INFOPLIST_KEY_UISupportedInterfaceOrientations_iPhone = "UIInterfaceOrientationPortrait UIInterfaceOrientationLandscapeLeft UIInterfaceOrientationLandscapeRight";
				LD_RUNPATH_SEARCH_PATHS = (
					"$(inherited)",
					"@executable_path/Frameworks",
				);
				MARKETING_VERSION = 1.0;
				PRODUCT_BUNDLE_IDENTIFIER = "rukahand.firebase-Tasklist";
				PRODUCT_NAME = "$(TARGET_NAME)";
				SUPPORTED_PLATFORMS = "iphoneos iphonesimulator";
				SUPPORTS_MACCATALYST = NO;
				SUPPORTS_MAC_DESIGNED_FOR_IPHONE_IPAD = NO;
				SWIFT_EMIT_LOC_STRINGS = YES;
				SWIFT_VERSION = 5.0;
				TARGETED_DEVICE_FAMILY = 1;
			};
			name = Debug;
		};
		7867F0712A784CEC00C926EB /* Release */ = {
			isa = XCBuildConfiguration;
			buildSettings = {
				ASSETCATALOG_COMPILER_APPICON_NAME = AppIcon;
				ASSETCATALOG_COMPILER_GLOBAL_ACCENT_COLOR_NAME = AccentColor;
				CODE_SIGN_STYLE = Automatic;
				CURRENT_PROJECT_VERSION = 1;
				DEVELOPMENT_TEAM = 25H4N2RW85;
				GENERATE_INFOPLIST_FILE = YES;
				INFOPLIST_FILE = firebase_Tasklist/Info.plist;
				INFOPLIST_KEY_UIApplicationSupportsIndirectInputEvents = YES;
				INFOPLIST_KEY_UILaunchStoryboardName = LaunchScreen;
				INFOPLIST_KEY_UIMainStoryboardFile = Main;
				INFOPLIST_KEY_UISupportedInterfaceOrientations_iPad = "UIInterfaceOrientationPortrait UIInterfaceOrientationPortraitUpsideDown UIInterfaceOrientationLandscapeLeft UIInterfaceOrientationLandscapeRight";
				INFOPLIST_KEY_UISupportedInterfaceOrientations_iPhone = "UIInterfaceOrientationPortrait UIInterfaceOrientationLandscapeLeft UIInterfaceOrientationLandscapeRight";
				LD_RUNPATH_SEARCH_PATHS = (
					"$(inherited)",
					"@executable_path/Frameworks",
				);
				MARKETING_VERSION = 1.0;
				PRODUCT_BUNDLE_IDENTIFIER = "rukahand.firebase-Tasklist";
				PRODUCT_NAME = "$(TARGET_NAME)";
				SUPPORTED_PLATFORMS = "iphoneos iphonesimulator";
				SUPPORTS_MACCATALYST = NO;
				SUPPORTS_MAC_DESIGNED_FOR_IPHONE_IPAD = NO;
				SWIFT_EMIT_LOC_STRINGS = YES;
				SWIFT_VERSION = 5.0;
				TARGETED_DEVICE_FAMILY = 1;
			};
			name = Release;
		};
/* End XCBuildConfiguration section */

/* Begin XCConfigurationList section */
		7867F0562A784CEA00C926EB /* Build configuration list for PBXProject "firebase_Tasklist" */ = {
			isa = XCConfigurationList;
			buildConfigurations = (
				7867F06D2A784CEC00C926EB /* Debug */,
				7867F06E2A784CEC00C926EB /* Release */,
			);
			defaultConfigurationIsVisible = 0;
			defaultConfigurationName = Release;
		};
		7867F06F2A784CEC00C926EB /* Build configuration list for PBXNativeTarget "firebase_Tasklist" */ = {
			isa = XCConfigurationList;
			buildConfigurations = (
				7867F0702A784CEC00C926EB /* Debug */,
				7867F0712A784CEC00C926EB /* Release */,
			);
			defaultConfigurationIsVisible = 0;
			defaultConfigurationName = Release;
		};
/* End XCConfigurationList section */

/* Begin XCRemoteSwiftPackageReference section */
		78EE1BA22A7855AF003B8F40 /* XCRemoteSwiftPackageReference "firebase-ios-sdk" */ = {
			isa = XCRemoteSwiftPackageReference;
			repositoryURL = "https://github.com/firebase/firebase-ios-sdk";
			requirement = {
				kind = upToNextMajorVersion;
				minimumVersion = 9.0.0;
			};
		};
/* End XCRemoteSwiftPackageReference section */

/* Begin XCSwiftPackageProductDependency section */
		78EE1BA32A7855AF003B8F40 /* FirebaseAuth */ = {
			isa = XCSwiftPackageProductDependency;
			package = 78EE1BA22A7855AF003B8F40 /* XCRemoteSwiftPackageReference "firebase-ios-sdk" */;
			productName = FirebaseAuth;
		};
		78EE1BA52A7855AF003B8F40 /* FirebaseAuthCombine-Community */ = {
			isa = XCSwiftPackageProductDependency;
			package = 78EE1BA22A7855AF003B8F40 /* XCRemoteSwiftPackageReference "firebase-ios-sdk" */;
			productName = "FirebaseAuthCombine-Community";
		};
		78EE1BA72A7855AF003B8F40 /* FirebaseDatabase */ = {
			isa = XCSwiftPackageProductDependency;
			package = 78EE1BA22A7855AF003B8F40 /* XCRemoteSwiftPackageReference "firebase-ios-sdk" */;
			productName = FirebaseDatabase;
		};
		78EE1BA92A7855AF003B8F40 /* FirebaseDatabaseSwift */ = {
			isa = XCSwiftPackageProductDependency;
			package = 78EE1BA22A7855AF003B8F40 /* XCRemoteSwiftPackageReference "firebase-ios-sdk" */;
			productName = FirebaseDatabaseSwift;
		};
		78EE1BAB2A7855AF003B8F40 /* FirebaseStorage */ = {
			isa = XCSwiftPackageProductDependency;
			package = 78EE1BA22A7855AF003B8F40 /* XCRemoteSwiftPackageReference "firebase-ios-sdk" */;
			productName = FirebaseStorage;
		};
/* End XCSwiftPackageProductDependency section */
	};
	rootObject = 7867F0532A784CEA00C926EB /* Project object */;
}
